Microsoft Visual Studio Solution File, Format Version 11.00
# Visual Studio 2008

Project("{CE76786C-2F2A-123E-912B-3123D57CBE8A}") = "Noah's Ark", "Assembly-CSharp.csproj", "{919ABB69-7810-7EFD-01E7-0DEC75135067}"
EndProject
Project("{CE76786C-2F2A-123E-912B-3123D57CBE8A}") = "Noah's Ark", "Assembly-CSharp-Editor.csproj", "{55F17FC1-FF94-F248-AD51-AD2F5F75D9FF}"
EndProject
Global
	GlobalSection(SolutionConfigurationPlatforms) = preSolution
		Debug|Any CPU = Debug|Any CPU
		Release|Any CPU = Release|Any CPU
	EndGlobalSection
	GlobalSection(ProjectConfigurationPlatforms) = postSolution
		{919ABB69-7810-7EFD-01E7-0DEC75135067}.Debug|Any CPU.ActiveCfg = Debug|Any CPU
		{919ABB69-7810-7EFD-01E7-0DEC75135067}.Debug|Any CPU.Build.0 = Debug|Any CPU
		{919ABB69-7810-7EFD-01E7-0DEC75135067}.Release|Any CPU.ActiveCfg = Release|Any CPU
		{919ABB69-7810-7EFD-01E7-0DEC75135067}.Release|Any CPU.Build.0 = Release|Any CPU
		{55F17FC1-FF94-F248-AD51-AD2F5F75D9FF}.Debug|Any CPU.ActiveCfg = Debug|Any CPU
		{55F17FC1-FF94-F248-AD51-AD2F5F75D9FF}.Debug|Any CPU.Build.0 = Debug|Any CPU
		{55F17FC1-FF94-F248-AD51-AD2F5F75D9FF}.Release|Any CPU.ActiveCfg = Release|Any CPU
		{55F17FC1-FF94-F248-AD51-AD2F5F75D9FF}.Release|Any CPU.Build.0 = Release|Any CPU
	EndGlobalSection
	GlobalSection(SolutionProperties) = preSolution
		HideSolutionNode = FALSE
	EndGlobalSection
	GlobalSection(MonoDevelopProperties) = preSolution
		StartupItem = Assembly-CSharp.csproj
	EndGlobalSection
EndGlobal
